// !$*UTF8*$!
{
	archiveVersion = 1;
	classes = {
	};
	objectVersion = 46;
	objects = {

/* Begin PBXBuildFile section */
		E3D1D2E41EF9083500B8CD54 /* FTCommon.h in Headers */ = {isa = PBXBuildFile; fileRef = E3D1D2D01EF904AF00B8CD54 /* FTCommon.h */; settings = {ATTRIBUTES = (Public, ); }; };
		E3D1D2E51EF9083500B8CD54 /* FTNativeView.h in Headers */ = {isa = PBXBuildFile; fileRef = E3D1D2D21EF904AF00B8CD54 /* FTNativeView.h */; settings = {ATTRIBUTES = (Public, ); }; };
		E3D1D2E61EF9083500B8CD54 /* FTService.h in Headers */ = {isa = PBXBuildFile; fileRef = E3D1D2D41EF904AF00B8CD54 /* FTService.h */; settings = {ATTRIBUTES = (Public, ); }; };
		E3D1D2E71EF9083500B8CD54 /* FTViewProtocol.h in Headers */ = {isa = PBXBuildFile; fileRef = E3D1D2D61EF904AF00B8CD54 /* FTViewProtocol.h */; settings = {ATTRIBUTES = (Public, ); }; };
		E3D1D2E81EF9083500B8CD54 /* FTViewProtocolDelegate.h in Headers */ = {isa = PBXBuildFile; fileRef = E3D1D2D71EF904AF00B8CD54 /* FTViewProtocolDelegate.h */; settings = {ATTRIBUTES = (Public, ); }; };
		E3D1D2E91EF9083500B8CD54 /* FTWebFunType.h in Headers */ = {isa = PBXBuildFile; fileRef = E3D1D2D81EF904AF00B8CD54 /* FTWebFunType.h */; settings = {ATTRIBUTES = (Public, ); }; };
		E3D1D2EA1EF9083500B8CD54 /* FTWebView.h in Headers */ = {isa = PBXBuildFile; fileRef = E3D1D2DA1EF904AF00B8CD54 /* FTWebView.h */; settings = {ATTRIBUTES = (Public, ); }; };
		E3D1D2EB1EF908BD00B8CD54 /* RNMiniAppCore.h in Headers */ = {isa = PBXBuildFile; fileRef = B3E7B5881CC2AC0600A0062D /* RNMiniAppCore.h */; settings = {ATTRIBUTES = (Public, ); }; };
		E3D1D2F81EF90A8100B8CD54 /* RNMiniAppCore.h in Copy Headers */ = {isa = PBXBuildFile; fileRef = B3E7B5881CC2AC0600A0062D /* RNMiniAppCore.h */; };
		E3DE22B01EFB728E00E5BC23 /* FTCommon.m in Sources */ = {isa = PBXBuildFile; fileRef = E3D1D2D11EF904AF00B8CD54 /* FTCommon.m */; };
		E3DE22B11EFB728E00E5BC23 /* FTMessages.h in Headers */ = {isa = PBXBuildFile; fileRef = E3DE22AE1EFB6C5A00E5BC23 /* FTMessages.h */; settings = {ATTRIBUTES = (Public, ); }; };
		E3DE22B21EFB728E00E5BC23 /* FTNativeView.m in Sources */ = {isa = PBXBuildFile; fileRef = E3D1D2D31EF904AF00B8CD54 /* FTNativeView.m */; };
		E3DE22B31EFB728E00E5BC23 /* FTService.m in Sources */ = {isa = PBXBuildFile; fileRef = E3D1D2D51EF904AF00B8CD54 /* FTService.m */; };
		E3DE22B41EFB728E00E5BC23 /* FTWebFunType.m in Sources */ = {isa = PBXBuildFile; fileRef = E3D1D2D91EF904AF00B8CD54 /* FTWebFunType.m */; };
		E3DE22B51EFB728E00E5BC23 /* FTWebView.m in Sources */ = {isa = PBXBuildFile; fileRef = E3D1D2DB1EF904AF00B8CD54 /* FTWebView.m */; };
		E3DE22B61EFB728E00E5BC23 /* RNFunTypeView.h in Headers */ = {isa = PBXBuildFile; fileRef = E3270AF51EFA56CC00F6BB1A /* RNFunTypeView.h */; settings = {ATTRIBUTES = (Public, ); }; };
		E3DE22B71EFB728E00E5BC23 /* RNFunTypeView.m in Sources */ = {isa = PBXBuildFile; fileRef = E3270AF61EFA56CC00F6BB1A /* RNFunTypeView.m */; };
		E3DE22B81EFB728E00E5BC23 /* RNFunTypeViewManager.h in Headers */ = {isa = PBXBuildFile; fileRef = E3270AF71EFA56CC00F6BB1A /* RNFunTypeViewManager.h */; settings = {ATTRIBUTES = (Public, ); }; };
		E3DE22B91EFB728E00E5BC23 /* RNFunTypeViewManager.m in Sources */ = {isa = PBXBuildFile; fileRef = E3270AF81EFA56CC00F6BB1A /* RNFunTypeViewManager.m */; };
		E3DE22BA1EFB728E00E5BC23 /* RNMiniAppBridge.h in Headers */ = {isa = PBXBuildFile; fileRef = E3DE228D1EFB619600E5BC23 /* RNMiniAppBridge.h */; settings = {ATTRIBUTES = (Public, ); }; };
		E3DE22BB1EFB728E00E5BC23 /* RNMiniAppBridge.m in Sources */ = {isa = PBXBuildFile; fileRef = E3DE228E1EFB619600E5BC23 /* RNMiniAppBridge.m */; };
		E3DE22BC1EFB728E00E5BC23 /* RNMiniAppLifeCycleBridge.h in Headers */ = {isa = PBXBuildFile; fileRef = E3DE22871EFB617C00E5BC23 /* RNMiniAppLifeCycleBridge.h */; settings = {ATTRIBUTES = (Public, ); }; };
		E3DE22BD1EFB728E00E5BC23 /* RNMiniAppLifeCycleBridge.m in Sources */ = {isa = PBXBuildFile; fileRef = E3DE22881EFB617C00E5BC23 /* RNMiniAppLifeCycleBridge.m */; };
		E3DE22BE1EFB728E00E5BC23 /* RNMiniAppUIBridge.h in Headers */ = {isa = PBXBuildFile; fileRef = E3DE22851EFB617C00E5BC23 /* RNMiniAppUIBridge.h */; settings = {ATTRIBUTES = (Public, ); }; };
		E3DE22BF1EFB728E00E5BC23 /* RNMiniAppUIBridge.m in Sources */ = {isa = PBXBuildFile; fileRef = E3DE22861EFB617C00E5BC23 /* RNMiniAppUIBridge.m */; };
		E3DE22C01EFB730300E5BC23 /* FTCommon.h in Copy Headers */ = {isa = PBXBuildFile; fileRef = E3D1D2D01EF904AF00B8CD54 /* FTCommon.h */; };
		E3DE22C11EFB730300E5BC23 /* FTMessages.h in Copy Headers */ = {isa = PBXBuildFile; fileRef = E3DE22AE1EFB6C5A00E5BC23 /* FTMessages.h */; };
		E3DE22C21EFB730300E5BC23 /* FTNativeView.h in Copy Headers */ = {isa = PBXBuildFile; fileRef = E3D1D2D21EF904AF00B8CD54 /* FTNativeView.h */; };
		E3DE22C31EFB730300E5BC23 /* FTService.h in Copy Headers */ = {isa = PBXBuildFile; fileRef = E3D1D2D41EF904AF00B8CD54 /* FTService.h */; };
		E3DE22C41EFB730300E5BC23 /* FTViewProtocol.h in Copy Headers */ = {isa = PBXBuildFile; fileRef = E3D1D2D61EF904AF00B8CD54 /* FTViewProtocol.h */; };
		E3DE22C51EFB730300E5BC23 /* FTViewProtocolDelegate.h in Copy Headers */ = {isa = PBXBuildFile; fileRef = E3D1D2D71EF904AF00B8CD54 /* FTViewProtocolDelegate.h */; };
		E3DE22C61EFB730300E5BC23 /* FTWebFunType.h in Copy Headers */ = {isa = PBXBuildFile; fileRef = E3D1D2D81EF904AF00B8CD54 /* FTWebFunType.h */; };
		E3DE22C71EFB730300E5BC23 /* FTWebView.h in Copy Headers */ = {isa = PBXBuildFile; fileRef = E3D1D2DA1EF904AF00B8CD54 /* FTWebView.h */; };
		E3DE22C81EFB730300E5BC23 /* RNFunTypeView.h in Copy Headers */ = {isa = PBXBuildFile; fileRef = E3270AF51EFA56CC00F6BB1A /* RNFunTypeView.h */; };
		E3DE22C91EFB730300E5BC23 /* RNFunTypeViewManager.h in Copy Headers */ = {isa = PBXBuildFile; fileRef = E3270AF71EFA56CC00F6BB1A /* RNFunTypeViewManager.h */; };
		E3DE22CA1EFB730300E5BC23 /* RNMiniAppBridge.h in Copy Headers */ = {isa = PBXBuildFile; fileRef = E3DE228D1EFB619600E5BC23 /* RNMiniAppBridge.h */; };
		E3DE22CB1EFB730300E5BC23 /* RNMiniAppLifeCycleBridge.h in Copy Headers */ = {isa = PBXBuildFile; fileRef = E3DE22871EFB617C00E5BC23 /* RNMiniAppLifeCycleBridge.h */; };
		E3DE22CC1EFB730300E5BC23 /* RNMiniAppUIBridge.h in Copy Headers */ = {isa = PBXBuildFile; fileRef = E3DE22851EFB617C00E5BC23 /* RNMiniAppUIBridge.h */; };
/* End PBXBuildFile section */

/* Begin PBXCopyFilesBuildPhase section */
		E3D1D2F01EF90A6A00B8CD54 /* Copy Headers */ = {
			isa = PBXCopyFilesBuildPhase;
			buildActionMask = 2147483647;
			dstPath = "include/$(PRODUCT_NAME)";
			dstSubfolderSpec = 16;
			files = (
				E3DE22C01EFB730300E5BC23 /* FTCommon.h in Copy Headers */,
				E3DE22C11EFB730300E5BC23 /* FTMessages.h in Copy Headers */,
				E3DE22C21EFB730300E5BC23 /* FTNativeView.h in Copy Headers */,
				E3DE22C31EFB730300E5BC23 /* FTService.h in Copy Headers */,
				E3DE22C41EFB730300E5BC23 /* FTViewProtocol.h in Copy Headers */,
				E3DE22C51EFB730300E5BC23 /* FTViewProtocolDelegate.h in Copy Headers */,
				E3DE22C61EFB730300E5BC23 /* FTWebFunType.h in Copy Headers */,
				E3DE22C71EFB730300E5BC23 /* FTWebView.h in Copy Headers */,
				E3DE22C81EFB730300E5BC23 /* RNFunTypeView.h in Copy Headers */,
				E3DE22C91EFB730300E5BC23 /* RNFunTypeViewManager.h in Copy Headers */,
				E3DE22CA1EFB730300E5BC23 /* RNMiniAppBridge.h in Copy Headers */,
				E3DE22CB1EFB730300E5BC23 /* RNMiniAppLifeCycleBridge.h in Copy Headers */,
				E3DE22CC1EFB730300E5BC23 /* RNMiniAppUIBridge.h in Copy Headers */,
				E3D1D2F81EF90A8100B8CD54 /* RNMiniAppCore.h in Copy Headers */,
			);
			name = "Copy Headers";
			runOnlyForDeploymentPostprocessing = 0;
		};
/* End PBXCopyFilesBuildPhase section */

/* Begin PBXFileReference section */
		134814201AA4EA6300B7C361 /* libRNMiniAppCore.a */ = {isa = PBXFileReference; explicitFileType = archive.ar; includeInIndex = 0; path = libRNMiniAppCore.a; sourceTree = BUILT_PRODUCTS_DIR; };
		B3E7B5881CC2AC0600A0062D /* RNMiniAppCore.h */ = {isa = PBXFileReference; fileEncoding = 4; lastKnownFileType = sourcecode.c.h; path = RNMiniAppCore.h; sourceTree = "<group>"; };
		E3270AF51EFA56CC00F6BB1A /* RNFunTypeView.h */ = {isa = PBXFileReference; fileEncoding = 4; lastKnownFileType = sourcecode.c.h; path = RNFunTypeView.h; sourceTree = "<group>"; };
		E3270AF61EFA56CC00F6BB1A /* RNFunTypeView.m */ = {isa = PBXFileReference; fileEncoding = 4; lastKnownFileType = sourcecode.c.objc; path = RNFunTypeView.m; sourceTree = "<group>"; };
		E3270AF71EFA56CC00F6BB1A /* RNFunTypeViewManager.h */ = {isa = PBXFileReference; fileEncoding = 4; lastKnownFileType = sourcecode.c.h; path = RNFunTypeViewManager.h; sourceTree = "<group>"; };
		E3270AF81EFA56CC00F6BB1A /* RNFunTypeViewManager.m */ = {isa = PBXFileReference; fileEncoding = 4; lastKnownFileType = sourcecode.c.objc; path = RNFunTypeViewManager.m; sourceTree = "<group>"; };
		E379E2501F5659420047991B /* FTMacros.h */ = {isa = PBXFileReference; lastKnownFileType = sourcecode.c.h; path = FTMacros.h; sourceTree = "<group>"; };
		E3D1D2D01EF904AF00B8CD54 /* FTCommon.h */ = {isa = PBXFileReference; fileEncoding = 4; lastKnownFileType = sourcecode.c.h; path = FTCommon.h; sourceTree = "<group>"; };
		E3D1D2D11EF904AF00B8CD54 /* FTCommon.m */ = {isa = PBXFileReference; fileEncoding = 4; lastKnownFileType = sourcecode.c.objc; path = FTCommon.m; sourceTree = "<group>"; };
		E3D1D2D21EF904AF00B8CD54 /* FTNativeView.h */ = {isa = PBXFileReference; fileEncoding = 4; lastKnownFileType = sourcecode.c.h; path = FTNativeView.h; sourceTree = "<group>"; };
		E3D1D2D31EF904AF00B8CD54 /* FTNativeView.m */ = {isa = PBXFileReference; fileEncoding = 4; lastKnownFileType = sourcecode.c.objc; path = FTNativeView.m; sourceTree = "<group>"; };
		E3D1D2D41EF904AF00B8CD54 /* FTService.h */ = {isa = PBXFileReference; fileEncoding = 4; lastKnownFileType = sourcecode.c.h; path = FTService.h; sourceTree = "<group>"; };
		E3D1D2D51EF904AF00B8CD54 /* FTService.m */ = {isa = PBXFileReference; fileEncoding = 4; lastKnownFileType = sourcecode.c.objc; path = FTService.m; sourceTree = "<group>"; };
		E3D1D2D61EF904AF00B8CD54 /* FTViewProtocol.h */ = {isa = PBXFileReference; fileEncoding = 4; lastKnownFileType = sourcecode.c.h; path = FTViewProtocol.h; sourceTree = "<group>"; };
		E3D1D2D71EF904AF00B8CD54 /* FTViewProtocolDelegate.h */ = {isa = PBXFileReference; fileEncoding = 4; lastKnownFileType = sourcecode.c.h; path = FTViewProtocolDelegate.h; sourceTree = "<group>"; };
		E3D1D2D81EF904AF00B8CD54 /* FTWebFunType.h */ = {isa = PBXFileReference; fileEncoding = 4; lastKnownFileType = sourcecode.c.h; path = FTWebFunType.h; sourceTree = "<group>"; };
		E3D1D2D91EF904AF00B8CD54 /* FTWebFunType.m */ = {isa = PBXFileReference; fileEncoding = 4; lastKnownFileType = sourcecode.c.objc; path = FTWebFunType.m; sourceTree = "<group>"; };
		E3D1D2DA1EF904AF00B8CD54 /* FTWebView.h */ = {isa = PBXFileReference; fileEncoding = 4; lastKnownFileType = sourcecode.c.h; path = FTWebView.h; sourceTree = "<group>"; };
		E3D1D2DB1EF904AF00B8CD54 /* FTWebView.m */ = {isa = PBXFileReference; fileEncoding = 4; lastKnownFileType = sourcecode.c.objc; path = FTWebView.m; sourceTree = "<group>"; };
		E3D1D3001EF90FB700B8CD54 /* RNMiniAppCore.h */ = {isa = PBXFileReference; lastKnownFileType = sourcecode.c.h; path = RNMiniAppCore.h; sourceTree = "<group>"; };
		E3D1D3011EF90FB700B8CD54 /* Info.plist */ = {isa = PBXFileReference; lastKnownFileType = text.plist.xml; path = Info.plist; sourceTree = "<group>"; };
		E3DE22851EFB617C00E5BC23 /* RNMiniAppUIBridge.h */ = {isa = PBXFileReference; fileEncoding = 4; lastKnownFileType = sourcecode.c.h; path = RNMiniAppUIBridge.h; sourceTree = "<group>"; };
		E3DE22861EFB617C00E5BC23 /* RNMiniAppUIBridge.m */ = {isa = PBXFileReference; fileEncoding = 4; lastKnownFileType = sourcecode.c.objc; path = RNMiniAppUIBridge.m; sourceTree = "<group>"; };
		E3DE22871EFB617C00E5BC23 /* RNMiniAppLifeCycleBridge.h */ = {isa = PBXFileReference; fileEncoding = 4; lastKnownFileType = sourcecode.c.h; path = RNMiniAppLifeCycleBridge.h; sourceTree = "<group>"; };
		E3DE22881EFB617C00E5BC23 /* RNMiniAppLifeCycleBridge.m */ = {isa = PBXFileReference; fileEncoding = 4; lastKnownFileType = sourcecode.c.objc; path = RNMiniAppLifeCycleBridge.m; sourceTree = "<group>"; };
		E3DE228D1EFB619600E5BC23 /* RNMiniAppBridge.h */ = {isa = PBXFileReference; fileEncoding = 4; lastKnownFileType = sourcecode.c.h; path = RNMiniAppBridge.h; sourceTree = "<group>"; };
		E3DE228E1EFB619600E5BC23 /* RNMiniAppBridge.m */ = {isa = PBXFileReference; fileEncoding = 4; lastKnownFileType = sourcecode.c.objc; path = RNMiniAppBridge.m; sourceTree = "<group>"; };
		E3DE22AE1EFB6C5A00E5BC23 /* FTMessages.h */ = {isa = PBXFileReference; fileEncoding = 4; lastKnownFileType = sourcecode.c.h; path = FTMessages.h; sourceTree = "<group>"; };
/* End PBXFileReference section */

/* Begin PBXFrameworksBuildPhase section */
		58B511D81A9E6C8500147676 /* Frameworks */ = {
			isa = PBXFrameworksBuildPhase;
			buildActionMask = 2147483647;
			files = (
			);
			runOnlyForDeploymentPostprocessing = 0;
		};
/* End PBXFrameworksBuildPhase section */

/* Begin PBXGroup section */
		134814211AA4EA7D00B7C361 /* Products */ = {
			isa = PBXGroup;
			children = (
				134814201AA4EA6300B7C361 /* libRNMiniAppCore.a */,
			);
			name = Products;
			sourceTree = "<group>";
		};
		58B511D21A9E6C8500147676 = {
			isa = PBXGroup;
			children = (
				E3D1D2CE1EF904AF00B8CD54 /* Classes */,
				B3E7B5881CC2AC0600A0062D /* RNMiniAppCore.h */,
				E3D1D2FF1EF90FB700B8CD54 /* RNMiniAppCore */,
				134814211AA4EA7D00B7C361 /* Products */,
			);
			sourceTree = "<group>";
		};
		E3D1D2CE1EF904AF00B8CD54 /* Classes */ = {
			isa = PBXGroup;
			children = (
				E3D1D2D01EF904AF00B8CD54 /* FTCommon.h */,
				E3D1D2D11EF904AF00B8CD54 /* FTCommon.m */,
				E379E2501F5659420047991B /* FTMacros.h */,
				E3DE22AE1EFB6C5A00E5BC23 /* FTMessages.h */,
				E3D1D2D21EF904AF00B8CD54 /* FTNativeView.h */,
				E3D1D2D31EF904AF00B8CD54 /* FTNativeView.m */,
				E3D1D2D41EF904AF00B8CD54 /* FTService.h */,
				E3D1D2D51EF904AF00B8CD54 /* FTService.m */,
				E3D1D2D61EF904AF00B8CD54 /* FTViewProtocol.h */,
				E3D1D2D71EF904AF00B8CD54 /* FTViewProtocolDelegate.h */,
				E3D1D2D81EF904AF00B8CD54 /* FTWebFunType.h */,
				E3D1D2D91EF904AF00B8CD54 /* FTWebFunType.m */,
				E3D1D2DA1EF904AF00B8CD54 /* FTWebView.h */,
				E3D1D2DB1EF904AF00B8CD54 /* FTWebView.m */,
				E3270AF51EFA56CC00F6BB1A /* RNFunTypeView.h */,
				E3270AF61EFA56CC00F6BB1A /* RNFunTypeView.m */,
				E3270AF71EFA56CC00F6BB1A /* RNFunTypeViewManager.h */,
				E3270AF81EFA56CC00F6BB1A /* RNFunTypeViewManager.m */,
				E3DE228D1EFB619600E5BC23 /* RNMiniAppBridge.h */,
				E3DE228E1EFB619600E5BC23 /* RNMiniAppBridge.m */,
				E3DE22871EFB617C00E5BC23 /* RNMiniAppLifeCycleBridge.h */,
				E3DE22881EFB617C00E5BC23 /* RNMiniAppLifeCycleBridge.m */,
				E3DE22851EFB617C00E5BC23 /* RNMiniAppUIBridge.h */,
				E3DE22861EFB617C00E5BC23 /* RNMiniAppUIBridge.m */,
			);
			path = Classes;
			sourceTree = "<group>";
		};
		E3D1D2FF1EF90FB700B8CD54 /* RNMiniAppCore */ = {
			isa = PBXGroup;
			children = (
				E3D1D3001EF90FB700B8CD54 /* RNMiniAppCore.h */,
				E3D1D3011EF90FB700B8CD54 /* Info.plist */,
			);
			path = RNMiniAppCore;
			sourceTree = "<group>";
		};
/* End PBXGroup section */

/* Begin PBXHeadersBuildPhase section */
		E3D1D2E31EF9081D00B8CD54 /* Headers */ = {
			isa = PBXHeadersBuildPhase;
			buildActionMask = 2147483647;
			files = (
				E3D1D2E41EF9083500B8CD54 /* FTCommon.h in Headers */,
				E3D1D2E51EF9083500B8CD54 /* FTNativeView.h in Headers */,
				E3D1D2E61EF9083500B8CD54 /* FTService.h in Headers */,
				E3DE22B11EFB728E00E5BC23 /* FTMessages.h in Headers */,
				E3DE22B81EFB728E00E5BC23 /* RNFunTypeViewManager.h in Headers */,
				E3DE22B61EFB728E00E5BC23 /* RNFunTypeView.h in Headers */,
				E3DE22BE1EFB728E00E5BC23 /* RNMiniAppUIBridge.h in Headers */,
				E3DE22BC1EFB728E00E5BC23 /* RNMiniAppLifeCycleBridge.h in Headers */,
				E3DE22BA1EFB728E00E5BC23 /* RNMiniAppBridge.h in Headers */,
				E3D1D2E71EF9083500B8CD54 /* FTViewProtocol.h in Headers */,
				E3D1D2EB1EF908BD00B8CD54 /* RNMiniAppCore.h in Headers */,
				E3D1D2E81EF9083500B8CD54 /* FTViewProtocolDelegate.h in Headers */,
				E3D1D2E91EF9083500B8CD54 /* FTWebFunType.h in Headers */,
				E3D1D2EA1EF9083500B8CD54 /* FTWebView.h in Headers */,
			);
			runOnlyForDeploymentPostprocessing = 0;
		};
/* End PBXHeadersBuildPhase section */

/* Begin PBXNativeTarget section */
		58B511DA1A9E6C8500147676 /* RNMiniAppCoreLib */ = {
			isa = PBXNativeTarget;
			buildConfigurationList = 58B511EF1A9E6C8500147676 /* Build configuration list for PBXNativeTarget "RNMiniAppCoreLib" */;
			buildPhases = (
				E3D1D2E31EF9081D00B8CD54 /* Headers */,
				58B511D71A9E6C8500147676 /* Sources */,
				E3D1D2F01EF90A6A00B8CD54 /* Copy Headers */,
				58B511D81A9E6C8500147676 /* Frameworks */,
			);
			buildRules = (
			);
			dependencies = (
			);
			name = RNMiniAppCoreLib;
			productName = RCTDataManager;
			productReference = 134814201AA4EA6300B7C361 /* libRNMiniAppCore.a */;
			productType = "com.apple.product-type.library.static";
		};
/* End PBXNativeTarget section */

/* Begin PBXProject section */
		58B511D31A9E6C8500147676 /* Project object */ = {
			isa = PBXProject;
			attributes = {
				LastUpgradeCheck = 0610;
				ORGANIZATIONNAME = Facebook;
				TargetAttributes = {
					58B511DA1A9E6C8500147676 = {
						CreatedOnToolsVersion = 6.1.1;
					};
				};
			};
			buildConfigurationList = 58B511D61A9E6C8500147676 /* Build configuration list for PBXProject "RNMiniAppCore" */;
			compatibilityVersion = "Xcode 3.2";
			developmentRegion = English;
			hasScannedForEncodings = 0;
			knownRegions = (
				en,
			);
			mainGroup = 58B511D21A9E6C8500147676;
			productRefGroup = 58B511D21A9E6C8500147676;
			projectDirPath = "";
			projectRoot = "";
			targets = (
				58B511DA1A9E6C8500147676 /* RNMiniAppCoreLib */,
			);
		};
/* End PBXProject section */

/* Begin PBXSourcesBuildPhase section */
		58B511D71A9E6C8500147676 /* Sources */ = {
			isa = PBXSourcesBuildPhase;
			buildActionMask = 2147483647;
			files = (
				E3DE22B71EFB728E00E5BC23 /* RNFunTypeView.m in Sources */,
				E3DE22B41EFB728E00E5BC23 /* FTWebFunType.m in Sources */,
				E3DE22B31EFB728E00E5BC23 /* FTService.m in Sources */,
				E3DE22B91EFB728E00E5BC23 /* RNFunTypeViewManager.m in Sources */,
				E3DE22B01EFB728E00E5BC23 /* FTCommon.m in Sources */,
				E3DE22B21EFB728E00E5BC23 /* FTNativeView.m in Sources */,
				E3DE22BD1EFB728E00E5BC23 /* RNMiniAppLifeCycleBridge.m in Sources */,
				E3DE22BF1EFB728E00E5BC23 /* RNMiniAppUIBridge.m in Sources */,
				E3DE22B51EFB728E00E5BC23 /* FTWebView.m in Sources */,
				E3DE22BB1EFB728E00E5BC23 /* RNMiniAppBridge.m in Sources */,
			);
			runOnlyForDeploymentPostprocessing = 0;
		};
/* End PBXSourcesBuildPhase section */

/* Begin XCBuildConfiguration section */
		58B511ED1A9E6C8500147676 /* Debug */ = {
			isa = XCBuildConfiguration;
			buildSettings = {
				ALWAYS_SEARCH_USER_PATHS = NO;
				CLANG_CXX_LANGUAGE_STANDARD = "gnu++0x";
				CLANG_CXX_LIBRARY = "libc++";
				CLANG_ENABLE_MODULES = YES;
				CLANG_ENABLE_OBJC_ARC = YES;
				CLANG_WARN_BOOL_CONVERSION = YES;
				CLANG_WARN_CONSTANT_CONVERSION = YES;
				CLANG_WARN_DIRECT_OBJC_ISA_USAGE = YES_ERROR;
				CLANG_WARN_EMPTY_BODY = YES;
				CLANG_WARN_ENUM_CONVERSION = YES;
				CLANG_WARN_INT_CONVERSION = YES;
				CLANG_WARN_OBJC_ROOT_CLASS = YES_ERROR;
				CLANG_WARN_UNREACHABLE_CODE = YES;
				CLANG_WARN__DUPLICATE_METHOD_MATCH = YES;
				COPY_PHASE_STRIP = NO;
				ENABLE_STRICT_OBJC_MSGSEND = YES;
				GCC_C_LANGUAGE_STANDARD = gnu99;
				GCC_DYNAMIC_NO_PIC = NO;
				GCC_OPTIMIZATION_LEVEL = 0;
				GCC_PREPROCESSOR_DEFINITIONS = (
					"DEBUG=1",
					"$(inherited)",
				);
				GCC_SYMBOLS_PRIVATE_EXTERN = NO;
				GCC_WARN_64_TO_32_BIT_CONVERSION = YES;
				GCC_WARN_ABOUT_RETURN_TYPE = YES_ERROR;
				GCC_WARN_UNDECLARED_SELECTOR = YES;
				GCC_WARN_UNINITIALIZED_AUTOS = YES_AGGRESSIVE;
				GCC_WARN_UNUSED_FUNCTION = YES;
				GCC_WARN_UNUSED_VARIABLE = YES;
				IPHONEOS_DEPLOYMENT_TARGET = 7.0;
				MTL_ENABLE_DEBUG_INFO = YES;
				ONLY_ACTIVE_ARCH = YES;
				SDKROOT = iphoneos;
			};
			name = Debug;
		};
		58B511EE1A9E6C8500147676 /* Release */ = {
			isa = XCBuildConfiguration;
			buildSettings = {
				ALWAYS_SEARCH_USER_PATHS = NO;
				CLANG_CXX_LANGUAGE_STANDARD = "gnu++0x";
				CLANG_CXX_LIBRARY = "libc++";
				CLANG_ENABLE_MODULES = YES;
				CLANG_ENABLE_OBJC_ARC = YES;
				CLANG_WARN_BOOL_CONVERSION = YES;
				CLANG_WARN_CONSTANT_CONVERSION = YES;
				CLANG_WARN_DIRECT_OBJC_ISA_USAGE = YES_ERROR;
				CLANG_WARN_EMPTY_BODY = YES;
				CLANG_WARN_ENUM_CONVERSION = YES;
				CLANG_WARN_INT_CONVERSION = YES;
				CLANG_WARN_OBJC_ROOT_CLASS = YES_ERROR;
				CLANG_WARN_UNREACHABLE_CODE = YES;
				CLANG_WARN__DUPLICATE_METHOD_MATCH = YES;
				COPY_PHASE_STRIP = YES;
				ENABLE_NS_ASSERTIONS = NO;
				ENABLE_STRICT_OBJC_MSGSEND = YES;
				GCC_C_LANGUAGE_STANDARD = gnu99;
				GCC_WARN_64_TO_32_BIT_CONVERSION = YES;
				GCC_WARN_ABOUT_RETURN_TYPE = YES_ERROR;
				GCC_WARN_UNDECLARED_SELECTOR = YES;
				GCC_WARN_UNINITIALIZED_AUTOS = YES_AGGRESSIVE;
				GCC_WARN_UNUSED_FUNCTION = YES;
				GCC_WARN_UNUSED_VARIABLE = YES;
				IPHONEOS_DEPLOYMENT_TARGET = 7.0;
				MTL_ENABLE_DEBUG_INFO = NO;
				SDKROOT = iphoneos;
				VALIDATE_PRODUCT = YES;
			};
			name = Release;
		};
		58B511F01A9E6C8500147676 /* Debug */ = {
			isa = XCBuildConfiguration;
			buildSettings = {
				HEADER_SEARCH_PATHS = (
					"$(inherited)",
					/Applications/Xcode.app/Contents/Developer/Toolchains/XcodeDefault.xctoolchain/usr/include,
					"$(SRCROOT)/../../../React/**",
					"$(SRCROOT)/../../react-native/React/**",
				);
				LIBRARY_SEARCH_PATHS = "$(inherited)";
				OTHER_LDFLAGS = "-ObjC";
				PRODUCT_NAME = RNMiniAppCore;
				PUBLIC_HEADERS_FOLDER_PATH = /usr/local/include/RNMiniAppCore;
				SKIP_INSTALL = YES;
			};
			name = Debug;
		};
		58B511F11A9E6C8500147676 /* Release */ = {
			isa = XCBuildConfiguration;
			buildSettings = {
				HEADER_SEARCH_PATHS = (
					"$(inherited)",
					/Applications/Xcode.app/Contents/Developer/Toolchains/XcodeDefault.xctoolchain/usr/include,
					"$(SRCROOT)/../../../React/**",
					"$(SRCROOT)/../../react-native/React/**",
				);
				LIBRARY_SEARCH_PATHS = "$(inherited)";
				OTHER_LDFLAGS = "-ObjC";
				PRODUCT_NAME = RNMiniAppCore;
				PUBLIC_HEADERS_FOLDER_PATH = /usr/local/include/RNMiniAppCore;
				SKIP_INSTALL = YES;
			};
			name = Release;
		};
/* End XCBuildConfiguration section */

/* Begin XCConfigurationList section */
		58B511D61A9E6C8500147676 /* Build configuration list for PBXProject "RNMiniAppCore" */ = {
			isa = XCConfigurationList;
			buildConfigurations = (
				58B511ED1A9E6C8500147676 /* Debug */,
				58B511EE1A9E6C8500147676 /* Release */,
			);
			defaultConfigurationIsVisible = 0;
			defaultConfigurationName = Release;
		};
		58B511EF1A9E6C8500147676 /* Build configuration list for PBXNativeTarget "RNMiniAppCoreLib" */ = {
			isa = XCConfigurationList;
			buildConfigurations = (
				58B511F01A9E6C8500147676 /* Debug */,
				58B511F11A9E6C8500147676 /* Release */,
			);
			defaultConfigurationIsVisible = 0;
			defaultConfigurationName = Release;
		};
/* End XCConfigurationList section */
	};
	rootObject = 58B511D31A9E6C8500147676 /* Project object */;
}
